
Microsoft Visual Studio Solution File, Format Version 12.00
# Visual Studio Version 17
VisualStudioVersion = 17.5.33424.131
MinimumVisualStudioVersion = 10.0.40219.1
Project("{FAE04EC0-301F-11D3-BF4B-00C04F79EFBC}") = "FullSearchSample", "FullSearchSample\FullSearchSample.csproj", "{345D4BEE-61AF-4B32-8DF2-24F00A0883EF}"
EndProject
Global
	GlobalSection(SolutionConfigurationPlatforms) = preSolution
		Debug|Any CPU = Debug|Any CPU
		Release|Any CPU = Release|Any CPU
	EndGlobalSection
	GlobalSection(ProjectConfigurationPlatforms) = postSolution
		{345D4BEE-61AF-4B32-8DF2-24F00A0883EF}.Debug|Any CPU.ActiveCfg = Debug|Any CPU
		{345D4BEE-61AF-4B32-8DF2-24F00A0883EF}.Debug|Any CPU.Build.0 = Debug|Any CPU
		{345D4BEE-61AF-4B32-8DF2-24F00A0883EF}.Release|Any CPU.ActiveCfg = Release|Any CPU
		{345D4BEE-61AF-4B32-8DF2-24F00A0883EF}.Release|Any CPU.Build.0 = Release|Any CPU
	EndGlobalSection
	GlobalSection(SolutionProperties) = preSolution
		HideSolutionNode = FALSE
	EndGlobalSection
	GlobalSection(ExtensibilityGlobals) = postSolution
		SolutionGuid = {2FCDE45D-C4F5-4CA3-B90D-43A0A8775F0F}
	EndGlobalSection
EndGlobal
